
Microsoft Visual Studio Solution File, Format Version 12.00
# Visual Studio Version 17
VisualStudioVersion = 17.5.002.0
MinimumVisualStudioVersion = 10.0.40219.1
Project("{9A19103F-16F7-4668-BE54-9A1E7A4F7556}") = "hw2", "hw2\hw2.csproj", "{0DB6AD00-F490-4F17-BFE2-7D640428D3BC}"
EndProject
Project("{9A19103F-16F7-4668-BE54-9A1E7A4F7556}") = "seminar_1", "seminar_1\seminar_1.csproj", "{0BA4FE33-0986-4AF0-B5F4-C0C437DF3037}"
EndProject
Project("{9A19103F-16F7-4668-BE54-9A1E7A4F7556}") = "seminar_2", "seminar_2\seminar_2.csproj", "{702DAD96-C030-4CFC-9D3D-81EEC70A6B60}"
EndProject
Global
	GlobalSection(SolutionConfigurationPlatforms) = preSolution
		Debug|Any CPU = Debug|Any CPU
		Release|Any CPU = Release|Any CPU
	EndGlobalSection
	GlobalSection(ProjectConfigurationPlatforms) = postSolution
		{0DB6AD00-F490-4F17-BFE2-7D640428D3BC}.Debug|Any CPU.ActiveCfg = Debug|Any CPU
		{0DB6AD00-F490-4F17-BFE2-7D640428D3BC}.Debug|Any CPU.Build.0 = Debug|Any CPU
		{0DB6AD00-F490-4F17-BFE2-7D640428D3BC}.Release|Any CPU.ActiveCfg = Release|Any CPU
		{0DB6AD00-F490-4F17-BFE2-7D640428D3BC}.Release|Any CPU.Build.0 = Release|Any CPU
		{0BA4FE33-0986-4AF0-B5F4-C0C437DF3037}.Debug|Any CPU.ActiveCfg = Debug|Any CPU
		{0BA4FE33-0986-4AF0-B5F4-C0C437DF3037}.Debug|Any CPU.Build.0 = Debug|Any CPU
		{0BA4FE33-0986-4AF0-B5F4-C0C437DF3037}.Release|Any CPU.ActiveCfg = Release|Any CPU
		{0BA4FE33-0986-4AF0-B5F4-C0C437DF3037}.Release|Any CPU.Build.0 = Release|Any CPU
		{702DAD96-C030-4CFC-9D3D-81EEC70A6B60}.Debug|Any CPU.ActiveCfg = Debug|Any CPU
		{702DAD96-C030-4CFC-9D3D-81EEC70A6B60}.Debug|Any CPU.Build.0 = Debug|Any CPU
		{702DAD96-C030-4CFC-9D3D-81EEC70A6B60}.Release|Any CPU.ActiveCfg = Release|Any CPU
		{702DAD96-C030-4CFC-9D3D-81EEC70A6B60}.Release|Any CPU.Build.0 = Release|Any CPU
	EndGlobalSection
	GlobalSection(SolutionProperties) = preSolution
		HideSolutionNode = FALSE
	EndGlobalSection
	GlobalSection(ExtensibilityGlobals) = postSolution
		SolutionGuid = {96D034E1-7409-42D7-9047-B77A33056800}
	EndGlobalSection
EndGlobal
